
Microsoft Visual Studio Solution File, Format Version 12.00
# Visual Studio 2015
Project("{FAE04EC0-301F-11D3-BF4B-00C04F79EFBC}") = "TimeInABottle.CSharp", "TimeInABottle.CSharp.csproj", "{A261D660-0785-B188-8287-53C275B42221}"
EndProject
Project("{FAE04EC0-301F-11D3-BF4B-00C04F79EFBC}") = "TimeInABottle.CSharp.Editor", "TimeInABottle.CSharp.Editor.csproj", "{0E3452F6-8BA7-17C1-C7F3-456D2B3F9FD8}"
EndProject
Global
	GlobalSection(SolutionConfigurationPlatforms) = preSolution
		Debug|Any CPU = Debug|Any CPU
		Release|Any CPU = Release|Any CPU
	EndGlobalSection
	GlobalSection(ProjectConfigurationPlatforms) = postSolution
		{A261D660-0785-B188-8287-53C275B42221}.Debug|Any CPU.ActiveCfg = Debug|Any CPU
		{A261D660-0785-B188-8287-53C275B42221}.Debug|Any CPU.Build.0 = Debug|Any CPU
		{A261D660-0785-B188-8287-53C275B42221}.Release|Any CPU.ActiveCfg = Release|Any CPU
		{A261D660-0785-B188-8287-53C275B42221}.Release|Any CPU.Build.0 = Release|Any CPU
		{0E3452F6-8BA7-17C1-C7F3-456D2B3F9FD8}.Debug|Any CPU.ActiveCfg = Debug|Any CPU
		{0E3452F6-8BA7-17C1-C7F3-456D2B3F9FD8}.Debug|Any CPU.Build.0 = Debug|Any CPU
		{0E3452F6-8BA7-17C1-C7F3-456D2B3F9FD8}.Release|Any CPU.ActiveCfg = Release|Any CPU
		{0E3452F6-8BA7-17C1-C7F3-456D2B3F9FD8}.Release|Any CPU.Build.0 = Release|Any CPU
	EndGlobalSection
	GlobalSection(SolutionProperties) = preSolution
		HideSolutionNode = FALSE
	EndGlobalSection
EndGlobal
